
Microsoft Visual Studio Solution File, Format Version 12.00
# Visual Studio 14
VisualStudioVersion = 14.0.24720.0
MinimumVisualStudioVersion = 10.0.40219.1
Project("{2150E333-8FDC-42A3-9474-1A3956D46DE8}") = "src", "src", "{6D39FFE7-4E4A-4C55-96DA-7B8BFEC9B6AE}"
EndProject
Project("{2150E333-8FDC-42A3-9474-1A3956D46DE8}") = "Solution Items", "Solution Items", "{BED65B9E-9202-4C21-89B5-82E0C69064C7}"
	ProjectSection(SolutionItems) = preProject
		global.json = global.json
	EndProjectSection
EndProject
Project("{8BB2217D-0F2D-49D1-97BC-3654ED321F3B}") = "SocNet", "src\SocNet\SocNet.xproj", "{7918C576-1413-48C9-9E18-2E3773B32A14}"
EndProject
Global
	GlobalSection(SolutionConfigurationPlatforms) = preSolution
		Debug|Any CPU = Debug|Any CPU
		Release|Any CPU = Release|Any CPU
	EndGlobalSection
	GlobalSection(ProjectConfigurationPlatforms) = postSolution
		{7918C576-1413-48C9-9E18-2E3773B32A14}.Debug|Any CPU.ActiveCfg = Debug|Any CPU
		{7918C576-1413-48C9-9E18-2E3773B32A14}.Debug|Any CPU.Build.0 = Debug|Any CPU
		{7918C576-1413-48C9-9E18-2E3773B32A14}.Release|Any CPU.ActiveCfg = Release|Any CPU
		{7918C576-1413-48C9-9E18-2E3773B32A14}.Release|Any CPU.Build.0 = Release|Any CPU
	EndGlobalSection
	GlobalSection(SolutionProperties) = preSolution
		HideSolutionNode = FALSE
	EndGlobalSection
	GlobalSection(NestedProjects) = preSolution
		{7918C576-1413-48C9-9E18-2E3773B32A14} = {6D39FFE7-4E4A-4C55-96DA-7B8BFEC9B6AE}
	EndGlobalSection
EndGlobal
